
Microsoft Visual Studio Solution File, Format Version 12.00
# Visual Studio Version 17
VisualStudioVersion = 17.13.35818.85 d17.13
MinimumVisualStudioVersion = 10.0.40219.1
Project("{FAE04EC0-301F-11D3-BF4B-00C04F79EFBC}") = "corner", "corner.csproj", "{B7E1A7D9-B814-4C88-B7F6-FDF16A113521}"
EndProject
Global
	GlobalSection(SolutionConfigurationPlatforms) = preSolution
		Debug|Any CPU = Debug|Any CPU
		Release|Any CPU = Release|Any CPU
	EndGlobalSection
	GlobalSection(ProjectConfigurationPlatforms) = postSolution
		{B7E1A7D9-B814-4C88-B7F6-FDF16A113521}.Debug|Any CPU.ActiveCfg = Debug|Any CPU
		{B7E1A7D9-B814-4C88-B7F6-FDF16A113521}.Debug|Any CPU.Build.0 = Debug|Any CPU
		{B7E1A7D9-B814-4C88-B7F6-FDF16A113521}.Release|Any CPU.ActiveCfg = Release|Any CPU
		{B7E1A7D9-B814-4C88-B7F6-FDF16A113521}.Release|Any CPU.Build.0 = Release|Any CPU
	EndGlobalSection
	GlobalSection(SolutionProperties) = preSolution
		HideSolutionNode = FALSE
	EndGlobalSection
	GlobalSection(ExtensibilityGlobals) = postSolution
		SolutionGuid = {520F9961-6F08-4A41-87DB-B3D7042A222D}
	EndGlobalSection
EndGlobal
